
Microsoft Visual Studio Solution File, Format Version 11.00
# Visual Studio 2010
Project("{FAE04EC0-301F-11D3-BF4B-00C04F79EFBC}") = "Class1", "Class1\Class1.csproj", "{E04CD46F-AB6A-46E5-AE07-4F945943F706}"
EndProject
Global
	GlobalSection(SolutionConfigurationPlatforms) = preSolution
		Debug|x86 = Debug|x86
		Release|x86 = Release|x86
	EndGlobalSection
	GlobalSection(ProjectConfigurationPlatforms) = postSolution
		{E04CD46F-AB6A-46E5-AE07-4F945943F706}.Debug|x86.ActiveCfg = Debug|x86
		{E04CD46F-AB6A-46E5-AE07-4F945943F706}.Debug|x86.Build.0 = Debug|x86
		{E04CD46F-AB6A-46E5-AE07-4F945943F706}.Release|x86.ActiveCfg = Release|x86
		{E04CD46F-AB6A-46E5-AE07-4F945943F706}.Release|x86.Build.0 = Release|x86
	EndGlobalSection
	GlobalSection(SolutionProperties) = preSolution
		HideSolutionNode = FALSE
	EndGlobalSection
EndGlobal
